{
  "object": {
    "pins": [
      {
        "package": "AwesomeSpotlightView",
        "repositoryURL": "https://github.com/aleksandrshoshiashvili/AwesomeSpotlightView.git",
        "state": {
          "branch": null,
          "revision": "c3f6220af0fe7dfbdc49011417f4e5f54274d2cf",
          "version": "0.1.14"
        }
      }
    ]
  },
  "version": 1
}
