{
  "object": {
    "pins": [
      {
        "package": "AwesomeSpotlightView",
        "repositoryURL": "https://github.com/aleksandrshoshiashvili/AwesomeSpotlightView.git",
        "state": {
          "branch": null,
          "revision": "91cd4a955c3737661066805c603a455d6aa366d0",
          "version": "0.1.15"
        }
      }
    ]
  },
  "version": 1
}
