// !$*UTF8*$!
{
	archiveVersion = 1;
	classes = {
	};
	objectVersion = 46;
	objects = {

/* Begin PBXBuildFile section */
		52EE52B41E610EE8003C4E6C /* AppDelegate.swift in Sources */ = {isa = PBXBuildFile; fileRef = 52EE52B31E610EE8003C4E6C /* AppDelegate.swift */; };
		52EE52B61E610EE8003C4E6C /* ViewController.swift in Sources */ = {isa = PBXBuildFile; fileRef = 52EE52B51E610EE8003C4E6C /* ViewController.swift */; };
		52EE52B91E610EE8003C4E6C /* Main.storyboard in Resources */ = {isa = PBXBuildFile; fileRef = 52EE52B71E610EE8003C4E6C /* Main.storyboard */; };
		52EE52BB1E610EE8003C4E6C /* Assets.xcassets in Resources */ = {isa = PBXBuildFile; fileRef = 52EE52BA1E610EE8003C4E6C /* Assets.xcassets */; };
		52EE52BE1E610EE8003C4E6C /* LaunchScreen.storyboard in Resources */ = {isa = PBXBuildFile; fileRef = 52EE52BC1E610EE8003C4E6C /* LaunchScreen.storyboard */; };
		52EE52CA1E610F07003C4E6C /* AwesomeSpotlight.swift in Sources */ = {isa = PBXBuildFile; fileRef = 52EE52C61E610F07003C4E6C /* AwesomeSpotlight.swift */; };
		52EE52CB1E610F07003C4E6C /* AwesomeSpotlightView.swift in Sources */ = {isa = PBXBuildFile; fileRef = 52EE52C71E610F07003C4E6C /* AwesomeSpotlightView.swift */; };
		52EE52CC1E610F07003C4E6C /* AwesomeSpotlightViewBundle.bundle in Resources */ = {isa = PBXBuildFile; fileRef = 52EE52C81E610F07003C4E6C /* AwesomeSpotlightViewBundle.bundle */; };
		52EE52CD1E610F07003C4E6C /* Localizator.swift in Sources */ = {isa = PBXBuildFile; fileRef = 52EE52C91E610F07003C4E6C /* Localizator.swift */; };
/* End PBXBuildFile section */

/* Begin PBXFileReference section */
		52EE52B01E610EE8003C4E6C /* AwesomeSpotlightViewTest.app */ = {isa = PBXFileReference; explicitFileType = wrapper.application; includeInIndex = 0; path = AwesomeSpotlightViewTest.app; sourceTree = BUILT_PRODUCTS_DIR; };
		52EE52B31E610EE8003C4E6C /* AppDelegate.swift */ = {isa = PBXFileReference; lastKnownFileType = sourcecode.swift; path = AppDelegate.swift; sourceTree = "<group>"; };
		52EE52B51E610EE8003C4E6C /* ViewController.swift */ = {isa = PBXFileReference; lastKnownFileType = sourcecode.swift; path = ViewController.swift; sourceTree = "<group>"; };
		52EE52B81E610EE8003C4E6C /* Base */ = {isa = PBXFileReference; lastKnownFileType = file.storyboard; name = Base; path = Base.lproj/Main.storyboard; sourceTree = "<group>"; };
		52EE52BA1E610EE8003C4E6C /* Assets.xcassets */ = {isa = PBXFileReference; lastKnownFileType = folder.assetcatalog; path = Assets.xcassets; sourceTree = "<group>"; };
		52EE52BD1E610EE8003C4E6C /* Base */ = {isa = PBXFileReference; lastKnownFileType = file.storyboard; name = Base; path = Base.lproj/LaunchScreen.storyboard; sourceTree = "<group>"; };
		52EE52BF1E610EE8003C4E6C /* Info.plist */ = {isa = PBXFileReference; lastKnownFileType = text.plist.xml; path = Info.plist; sourceTree = "<group>"; };
		52EE52C61E610F07003C4E6C /* AwesomeSpotlight.swift */ = {isa = PBXFileReference; fileEncoding = 4; lastKnownFileType = sourcecode.swift; path = AwesomeSpotlight.swift; sourceTree = "<group>"; };
		52EE52C71E610F07003C4E6C /* AwesomeSpotlightView.swift */ = {isa = PBXFileReference; fileEncoding = 4; lastKnownFileType = sourcecode.swift; path = AwesomeSpotlightView.swift; sourceTree = "<group>"; };
		52EE52C81E610F07003C4E6C /* AwesomeSpotlightViewBundle.bundle */ = {isa = PBXFileReference; lastKnownFileType = "wrapper.plug-in"; path = AwesomeSpotlightViewBundle.bundle; sourceTree = "<group>"; };
		52EE52C91E610F07003C4E6C /* Localizator.swift */ = {isa = PBXFileReference; fileEncoding = 4; lastKnownFileType = sourcecode.swift; path = Localizator.swift; sourceTree = "<group>"; };
/* End PBXFileReference section */

/* Begin PBXFrameworksBuildPhase section */
		52EE52AD1E610EE8003C4E6C /* Frameworks */ = {
			isa = PBXFrameworksBuildPhase;
			buildActionMask = 2147483647;
			files = (
			);
			runOnlyForDeploymentPostprocessing = 0;
		};
/* End PBXFrameworksBuildPhase section */

/* Begin PBXGroup section */
		52EE52A71E610EE8003C4E6C = {
			isa = PBXGroup;
			children = (
				52EE52B21E610EE8003C4E6C /* AwesomeSpotlightViewTest */,
				52EE52B11E610EE8003C4E6C /* Products */,
			);
			sourceTree = "<group>";
		};
		52EE52B11E610EE8003C4E6C /* Products */ = {
			isa = PBXGroup;
			children = (
				52EE52B01E610EE8003C4E6C /* AwesomeSpotlightViewTest.app */,
			);
			name = Products;
			sourceTree = "<group>";
		};
		52EE52B21E610EE8003C4E6C /* AwesomeSpotlightViewTest */ = {
			isa = PBXGroup;
			children = (
				52EE52C51E610F07003C4E6C /* AwesomeSpotlightView */,
				52EE52B31E610EE8003C4E6C /* AppDelegate.swift */,
				52EE52B51E610EE8003C4E6C /* ViewController.swift */,
				52EE52B71E610EE8003C4E6C /* Main.storyboard */,
				52EE52BA1E610EE8003C4E6C /* Assets.xcassets */,
				52EE52BC1E610EE8003C4E6C /* LaunchScreen.storyboard */,
				52EE52BF1E610EE8003C4E6C /* Info.plist */,
			);
			path = AwesomeSpotlightViewTest;
			sourceTree = "<group>";
		};
		52EE52C51E610F07003C4E6C /* AwesomeSpotlightView */ = {
			isa = PBXGroup;
			children = (
				52EE52C61E610F07003C4E6C /* AwesomeSpotlight.swift */,
				52EE52C71E610F07003C4E6C /* AwesomeSpotlightView.swift */,
				52EE52C81E610F07003C4E6C /* AwesomeSpotlightViewBundle.bundle */,
				52EE52C91E610F07003C4E6C /* Localizator.swift */,
			);
			path = AwesomeSpotlightView;
			sourceTree = "<group>";
		};
/* End PBXGroup section */

/* Begin PBXNativeTarget section */
		52EE52AF1E610EE8003C4E6C /* AwesomeSpotlightViewTest */ = {
			isa = PBXNativeTarget;
			buildConfigurationList = 52EE52C21E610EE8003C4E6C /* Build configuration list for PBXNativeTarget "AwesomeSpotlightViewTest" */;
			buildPhases = (
				52EE52AC1E610EE8003C4E6C /* Sources */,
				52EE52AD1E610EE8003C4E6C /* Frameworks */,
				52EE52AE1E610EE8003C4E6C /* Resources */,
			);
			buildRules = (
			);
			dependencies = (
			);
			name = AwesomeSpotlightViewTest;
			productName = AwesomeSpotlightViewTest;
			productReference = 52EE52B01E610EE8003C4E6C /* AwesomeSpotlightViewTest.app */;
			productType = "com.apple.product-type.application";
		};
/* End PBXNativeTarget section */

/* Begin PBXProject section */
		52EE52A81E610EE8003C4E6C /* Project object */ = {
			isa = PBXProject;
			attributes = {
				LastSwiftUpdateCheck = 0800;
				LastUpgradeCheck = 0800;
				ORGANIZATIONNAME = "Alex Shoshiashvili";
				TargetAttributes = {
					52EE52AF1E610EE8003C4E6C = {
						CreatedOnToolsVersion = 8.0;
						DevelopmentTeam = 92465BS428;
						DevelopmentTeamName = "Alexander Shoshiashvili";
						ProvisioningStyle = Automatic;
					};
				};
			};
			buildConfigurationList = 52EE52AB1E610EE8003C4E6C /* Build configuration list for PBXProject "AwesomeSpotlightViewTest" */;
			compatibilityVersion = "Xcode 3.2";
			developmentRegion = English;
			hasScannedForEncodings = 0;
			knownRegions = (
				en,
				Base,
			);
			mainGroup = 52EE52A71E610EE8003C4E6C;
			productRefGroup = 52EE52B11E610EE8003C4E6C /* Products */;
			projectDirPath = "";
			projectRoot = "";
			targets = (
				52EE52AF1E610EE8003C4E6C /* AwesomeSpotlightViewTest */,
			);
		};
/* End PBXProject section */

/* Begin PBXResourcesBuildPhase section */
		52EE52AE1E610EE8003C4E6C /* Resources */ = {
			isa = PBXResourcesBuildPhase;
			buildActionMask = 2147483647;
			files = (
				52EE52BE1E610EE8003C4E6C /* LaunchScreen.storyboard in Resources */,
				52EE52BB1E610EE8003C4E6C /* Assets.xcassets in Resources */,
				52EE52B91E610EE8003C4E6C /* Main.storyboard in Resources */,
				52EE52CC1E610F07003C4E6C /* AwesomeSpotlightViewBundle.bundle in Resources */,
			);
			runOnlyForDeploymentPostprocessing = 0;
		};
/* End PBXResourcesBuildPhase section */

/* Begin PBXSourcesBuildPhase section */
		52EE52AC1E610EE8003C4E6C /* Sources */ = {
			isa = PBXSourcesBuildPhase;
			buildActionMask = 2147483647;
			files = (
				52EE52B61E610EE8003C4E6C /* ViewController.swift in Sources */,
				52EE52CA1E610F07003C4E6C /* AwesomeSpotlight.swift in Sources */,
				52EE52B41E610EE8003C4E6C /* AppDelegate.swift in Sources */,
				52EE52CB1E610F07003C4E6C /* AwesomeSpotlightView.swift in Sources */,
				52EE52CD1E610F07003C4E6C /* Localizator.swift in Sources */,
			);
			runOnlyForDeploymentPostprocessing = 0;
		};
/* End PBXSourcesBuildPhase section */

/* Begin PBXVariantGroup section */
		52EE52B71E610EE8003C4E6C /* Main.storyboard */ = {
			isa = PBXVariantGroup;
			children = (
				52EE52B81E610EE8003C4E6C /* Base */,
			);
			name = Main.storyboard;
			sourceTree = "<group>";
		};
		52EE52BC1E610EE8003C4E6C /* LaunchScreen.storyboard */ = {
			isa = PBXVariantGroup;
			children = (
				52EE52BD1E610EE8003C4E6C /* Base */,
			);
			name = LaunchScreen.storyboard;
			sourceTree = "<group>";
		};
/* End PBXVariantGroup section */

/* Begin XCBuildConfiguration section */
		52EE52C01E610EE8003C4E6C /* Debug */ = {
			isa = XCBuildConfiguration;
			buildSettings = {
				ALWAYS_SEARCH_USER_PATHS = NO;
				CLANG_ANALYZER_NONNULL = YES;
				CLANG_CXX_LANGUAGE_STANDARD = "gnu++0x";
				CLANG_CXX_LIBRARY = "libc++";
				CLANG_ENABLE_MODULES = YES;
				CLANG_ENABLE_OBJC_ARC = YES;
				CLANG_WARN_BOOL_CONVERSION = YES;
				CLANG_WARN_CONSTANT_CONVERSION = YES;
				CLANG_WARN_DIRECT_OBJC_ISA_USAGE = YES_ERROR;
				CLANG_WARN_DOCUMENTATION_COMMENTS = YES;
				CLANG_WARN_EMPTY_BODY = YES;
				CLANG_WARN_ENUM_CONVERSION = YES;
				CLANG_WARN_INT_CONVERSION = YES;
				CLANG_WARN_OBJC_ROOT_CLASS = YES_ERROR;
				CLANG_WARN_UNREACHABLE_CODE = YES;
				CLANG_WARN__DUPLICATE_METHOD_MATCH = YES;
				"CODE_SIGN_IDENTITY[sdk=iphoneos*]" = "iPhone Developer";
				COPY_PHASE_STRIP = NO;
				DEBUG_INFORMATION_FORMAT = dwarf;
				ENABLE_STRICT_OBJC_MSGSEND = YES;
				ENABLE_TESTABILITY = YES;
				GCC_C_LANGUAGE_STANDARD = gnu99;
				GCC_DYNAMIC_NO_PIC = NO;
				GCC_NO_COMMON_BLOCKS = YES;
				GCC_OPTIMIZATION_LEVEL = 0;
				GCC_PREPROCESSOR_DEFINITIONS = (
					"DEBUG=1",
					"$(inherited)",
				);
				GCC_WARN_64_TO_32_BIT_CONVERSION = YES;
				GCC_WARN_ABOUT_RETURN_TYPE = YES_ERROR;
				GCC_WARN_UNDECLARED_SELECTOR = YES;
				GCC_WARN_UNINITIALIZED_AUTOS = YES_AGGRESSIVE;
				GCC_WARN_UNUSED_FUNCTION = YES;
				GCC_WARN_UNUSED_VARIABLE = YES;
				IPHONEOS_DEPLOYMENT_TARGET = 10.0;
				MTL_ENABLE_DEBUG_INFO = YES;
				ONLY_ACTIVE_ARCH = YES;
				SDKROOT = iphoneos;
				SWIFT_ACTIVE_COMPILATION_CONDITIONS = DEBUG;
				SWIFT_OPTIMIZATION_LEVEL = "-Onone";
			};
			name = Debug;
		};
		52EE52C11E610EE8003C4E6C /* Release */ = {
			isa = XCBuildConfiguration;
			buildSettings = {
				ALWAYS_SEARCH_USER_PATHS = NO;
				CLANG_ANALYZER_NONNULL = YES;
				CLANG_CXX_LANGUAGE_STANDARD = "gnu++0x";
				CLANG_CXX_LIBRARY = "libc++";
				CLANG_ENABLE_MODULES = YES;
				CLANG_ENABLE_OBJC_ARC = YES;
				CLANG_WARN_BOOL_CONVERSION = YES;
				CLANG_WARN_CONSTANT_CONVERSION = YES;
				CLANG_WARN_DIRECT_OBJC_ISA_USAGE = YES_ERROR;
				CLANG_WARN_DOCUMENTATION_COMMENTS = YES;
				CLANG_WARN_EMPTY_BODY = YES;
				CLANG_WARN_ENUM_CONVERSION = YES;
				CLANG_WARN_INT_CONVERSION = YES;
				CLANG_WARN_OBJC_ROOT_CLASS = YES_ERROR;
				CLANG_WARN_UNREACHABLE_CODE = YES;
				CLANG_WARN__DUPLICATE_METHOD_MATCH = YES;
				"CODE_SIGN_IDENTITY[sdk=iphoneos*]" = "iPhone Developer";
				COPY_PHASE_STRIP = NO;
				DEBUG_INFORMATION_FORMAT = "dwarf-with-dsym";
				ENABLE_NS_ASSERTIONS = NO;
				ENABLE_STRICT_OBJC_MSGSEND = YES;
				GCC_C_LANGUAGE_STANDARD = gnu99;
				GCC_NO_COMMON_BLOCKS = YES;
				GCC_WARN_64_TO_32_BIT_CONVERSION = YES;
				GCC_WARN_ABOUT_RETURN_TYPE = YES_ERROR;
				GCC_WARN_UNDECLARED_SELECTOR = YES;
				GCC_WARN_UNINITIALIZED_AUTOS = YES_AGGRESSIVE;
				GCC_WARN_UNUSED_FUNCTION = YES;
				GCC_WARN_UNUSED_VARIABLE = YES;
				IPHONEOS_DEPLOYMENT_TARGET = 10.0;
				MTL_ENABLE_DEBUG_INFO = NO;
				SDKROOT = iphoneos;
				SWIFT_OPTIMIZATION_LEVEL = "-Owholemodule";
				VALIDATE_PRODUCT = YES;
			};
			name = Release;
		};
		52EE52C31E610EE8003C4E6C /* Debug */ = {
			isa = XCBuildConfiguration;
			buildSettings = {
				ASSETCATALOG_COMPILER_APPICON_NAME = AppIcon;
				INFOPLIST_FILE = AwesomeSpotlightViewTest/Info.plist;
				LD_RUNPATH_SEARCH_PATHS = "$(inherited) @executable_path/Frameworks";
				PRODUCT_BUNDLE_IDENTIFIER = aleksandrshoshiashvili.AwesomeSpotlightViewTest;
				PRODUCT_NAME = "$(TARGET_NAME)";
				SWIFT_VERSION = 3.0;
			};
			name = Debug;
		};
		52EE52C41E610EE8003C4E6C /* Release */ = {
			isa = XCBuildConfiguration;
			buildSettings = {
				ASSETCATALOG_COMPILER_APPICON_NAME = AppIcon;
				INFOPLIST_FILE = AwesomeSpotlightViewTest/Info.plist;
				LD_RUNPATH_SEARCH_PATHS = "$(inherited) @executable_path/Frameworks";
				PRODUCT_BUNDLE_IDENTIFIER = aleksandrshoshiashvili.AwesomeSpotlightViewTest;
				PRODUCT_NAME = "$(TARGET_NAME)";
				SWIFT_VERSION = 3.0;
			};
			name = Release;
		};
/* End XCBuildConfiguration section */

/* Begin XCConfigurationList section */
		52EE52AB1E610EE8003C4E6C /* Build configuration list for PBXProject "AwesomeSpotlightViewTest" */ = {
			isa = XCConfigurationList;
			buildConfigurations = (
				52EE52C01E610EE8003C4E6C /* Debug */,
				52EE52C11E610EE8003C4E6C /* Release */,
			);
			defaultConfigurationIsVisible = 0;
			defaultConfigurationName = Release;
		};
		52EE52C21E610EE8003C4E6C /* Build configuration list for PBXNativeTarget "AwesomeSpotlightViewTest" */ = {
			isa = XCConfigurationList;
			buildConfigurations = (
				52EE52C31E610EE8003C4E6C /* Debug */,
				52EE52C41E610EE8003C4E6C /* Release */,
			);
			defaultConfigurationIsVisible = 0;
		};
/* End XCConfigurationList section */
	};
	rootObject = 52EE52A81E610EE8003C4E6C /* Project object */;
}
